{
  "nodes": {
    "caddy-nix": {
      "locked": {
        "lastModified": 1748037045,
        "narHash": "sha256-EaXolTeBp2xVXFsivNatx82+VkIVbxIsMzIcc4p+N6c=",
        "owner": "vincentbernat",
        "repo": "caddy-nix",
        "rev": "b65dce2399a40a4213508e5c1bfa81cb7d0956c5",
        "type": "github"
      },
      "original": {
        "owner": "vincentbernat",
        "repo": "caddy-nix",
        "type": "github"
      }
    },
    "home-manager": {
      "inputs": {
        "nixpkgs": [
          "nixpkgs"
        ]
      },
      "locked": {
        "lastModified": 1757075491,
        "narHash": "sha256-a+NMGl5tcvm+hyfSG2DlVPa8nZLpsumuRj1FfcKb2mQ=",
        "owner": "nix-community",
        "repo": "home-manager",
        "rev": "f56bf065f9abedc7bc15e1f2454aa5c8edabaacf",
        "type": "github"
      },
      "original": {
        "owner": "nix-community",
        "repo": "home-manager",
        "type": "github"
      }
    },
    "nixpkgs": {
      "locked": {
        "lastModified": 1757068644,
        "narHash": "sha256-NOrUtIhTkIIumj1E/Rsv1J37Yi3xGStISEo8tZm3KW4=",
        "owner": "nixos",
        "repo": "nixpkgs",
        "rev": "8eb28adfa3dc4de28e792e3bf49fcf9007ca8ac9",
        "type": "github"
      },
      "original": {
        "owner": "nixos",
        "ref": "nixos-unstable",
        "repo": "nixpkgs",
        "type": "github"
      }
    },
    "nixpkgs-stable": {
      "locked": {
        "lastModified": 1751274312,
        "narHash": "sha256-/bVBlRpECLVzjV19t5KMdMFWSwKLtb5RyXdjz3LJT+g=",
        "owner": "nixos",
        "repo": "nixpkgs",
        "rev": "50ab793786d9de88ee30ec4e4c24fb4236fc2674",
        "type": "github"
      },
      "original": {
        "owner": "nixos",
        "ref": "nixos-24.11",
        "repo": "nixpkgs",
        "type": "github"
      }
    },
    "root": {
      "inputs": {
        "caddy-nix": "caddy-nix",
        "home-manager": "home-manager",
        "nixpkgs": "nixpkgs",
        "nixpkgs-stable": "nixpkgs-stable",
        "sops-nix": "sops-nix"
      }
    },
    "sops-nix": {
      "inputs": {
        "nixpkgs": [
          "nixpkgs"
        ]
      },
      "locked": {
        "lastModified": 1754988908,
        "narHash": "sha256-t+voe2961vCgrzPFtZxha0/kmFSHFobzF00sT8p9h0U=",
        "owner": "Mic92",
        "repo": "sops-nix",
        "rev": "3223c7a92724b5d804e9988c6b447a0d09017d48",
        "type": "github"
      },
      "original": {
        "owner": "Mic92",
        "repo": "sops-nix",
        "type": "github"
      }
    }
  },
  "root": "root",
  "version": 7
}
